// !$*UTF8*$!
{
	archiveVersion = 1;
	classes = {
	};
	objectVersion = 46;
	objects = {

/* Begin PBXBuildFile section */
		2CBC7C441A677F3F00BE1A82 /* Engine.framework in Frameworks */ = {isa = PBXBuildFile; fileRef = 2CBC7C431A677F3F00BE1A82 /* Engine.framework */; };
		2CD7153F1A53E66E004C783E /* PresentViewController.swift in Sources */ = {isa = PBXBuildFile; fileRef = 2CD7153E1A53E66E004C783E /* PresentViewController.swift */; };
		2CE576E11A53C32400755820 /* AppDelegate.swift in Sources */ = {isa = PBXBuildFile; fileRef = 2CE576E01A53C32400755820 /* AppDelegate.swift */; };
		2CE576E31A53C32400755820 /* ViewController.swift in Sources */ = {isa = PBXBuildFile; fileRef = 2CE576E21A53C32400755820 /* ViewController.swift */; };
		2CE576E61A53C32400755820 /* Main.storyboard in Resources */ = {isa = PBXBuildFile; fileRef = 2CE576E41A53C32400755820 /* Main.storyboard */; };
		2CE576E81A53C32400755820 /* Images.xcassets in Resources */ = {isa = PBXBuildFile; fileRef = 2CE576E71A53C32400755820 /* Images.xcassets */; };
		2CE576EB1A53C32400755820 /* LaunchScreen.xib in Resources */ = {isa = PBXBuildFile; fileRef = 2CE576E91A53C32400755820 /* LaunchScreen.xib */; };
		2CE576F71A53C32400755820 /* HelloWorldTests.swift in Sources */ = {isa = PBXBuildFile; fileRef = 2CE576F61A53C32400755820 /* HelloWorldTests.swift */; };
		2CE577051A53E33500755820 /* ActOnControlEvents.swift in Sources */ = {isa = PBXBuildFile; fileRef = 2CE577041A53E33500755820 /* ActOnControlEvents.swift */; };
/* End PBXBuildFile section */

/* Begin PBXContainerItemProxy section */
		2CE576F11A53C32400755820 /* PBXContainerItemProxy */ = {
			isa = PBXContainerItemProxy;
			containerPortal = 2CE576D31A53C32400755820 /* Project object */;
			proxyType = 1;
			remoteGlobalIDString = 2CE576DA1A53C32400755820;
			remoteInfo = HelloWorld;
		};
/* End PBXContainerItemProxy section */

/* Begin PBXFileReference section */
		2CBC7C431A677F3F00BE1A82 /* Engine.framework */ = {isa = PBXFileReference; lastKnownFileType = wrapper.framework; name = Engine.framework; path = "Carthage/Checkouts/Engine/build/Debug-iphoneos/Engine.framework"; sourceTree = "<group>"; };
		2CD7153E1A53E66E004C783E /* PresentViewController.swift */ = {isa = PBXFileReference; fileEncoding = 4; lastKnownFileType = sourcecode.swift; path = PresentViewController.swift; sourceTree = "<group>"; };
		2CE576DB1A53C32400755820 /* HelloWorld.app */ = {isa = PBXFileReference; explicitFileType = wrapper.application; includeInIndex = 0; path = HelloWorld.app; sourceTree = BUILT_PRODUCTS_DIR; };
		2CE576DF1A53C32400755820 /* Info.plist */ = {isa = PBXFileReference; lastKnownFileType = text.plist.xml; path = Info.plist; sourceTree = "<group>"; };
		2CE576E01A53C32400755820 /* AppDelegate.swift */ = {isa = PBXFileReference; lastKnownFileType = sourcecode.swift; path = AppDelegate.swift; sourceTree = "<group>"; };
		2CE576E21A53C32400755820 /* ViewController.swift */ = {isa = PBXFileReference; lastKnownFileType = sourcecode.swift; path = ViewController.swift; sourceTree = "<group>"; };
		2CE576E51A53C32400755820 /* Base */ = {isa = PBXFileReference; lastKnownFileType = file.storyboard; name = Base; path = Base.lproj/Main.storyboard; sourceTree = "<group>"; };
		2CE576E71A53C32400755820 /* Images.xcassets */ = {isa = PBXFileReference; lastKnownFileType = folder.assetcatalog; path = Images.xcassets; sourceTree = "<group>"; };
		2CE576EA1A53C32400755820 /* Base */ = {isa = PBXFileReference; lastKnownFileType = file.xib; name = Base; path = Base.lproj/LaunchScreen.xib; sourceTree = "<group>"; };
		2CE576F01A53C32400755820 /* HelloWorldTests.xctest */ = {isa = PBXFileReference; explicitFileType = wrapper.cfbundle; includeInIndex = 0; path = HelloWorldTests.xctest; sourceTree = BUILT_PRODUCTS_DIR; };
		2CE576F51A53C32400755820 /* Info.plist */ = {isa = PBXFileReference; lastKnownFileType = text.plist.xml; path = Info.plist; sourceTree = "<group>"; };
		2CE576F61A53C32400755820 /* HelloWorldTests.swift */ = {isa = PBXFileReference; lastKnownFileType = sourcecode.swift; path = HelloWorldTests.swift; sourceTree = "<group>"; };
		2CE577041A53E33500755820 /* ActOnControlEvents.swift */ = {isa = PBXFileReference; fileEncoding = 4; lastKnownFileType = sourcecode.swift; path = ActOnControlEvents.swift; sourceTree = "<group>"; };
/* End PBXFileReference section */

/* Begin PBXFrameworksBuildPhase section */
		2CE576D81A53C32400755820 /* Frameworks */ = {
			isa = PBXFrameworksBuildPhase;
			buildActionMask = 2147483647;
			files = (
				2CBC7C441A677F3F00BE1A82 /* Engine.framework in Frameworks */,
			);
			runOnlyForDeploymentPostprocessing = 0;
		};
		2CE576ED1A53C32400755820 /* Frameworks */ = {
			isa = PBXFrameworksBuildPhase;
			buildActionMask = 2147483647;
			files = (
			);
			runOnlyForDeploymentPostprocessing = 0;
		};
/* End PBXFrameworksBuildPhase section */

/* Begin PBXGroup section */
		2CE576D21A53C32400755820 = {
			isa = PBXGroup;
			children = (
				2CBC7C431A677F3F00BE1A82 /* Engine.framework */,
				2CE576DD1A53C32400755820 /* HelloWorld */,
				2CE576F31A53C32400755820 /* HelloWorldTests */,
				2CE576DC1A53C32400755820 /* Products */,
			);
			sourceTree = "<group>";
		};
		2CE576DC1A53C32400755820 /* Products */ = {
			isa = PBXGroup;
			children = (
				2CE576DB1A53C32400755820 /* HelloWorld.app */,
				2CE576F01A53C32400755820 /* HelloWorldTests.xctest */,
			);
			name = Products;
			sourceTree = "<group>";
		};
		2CE576DD1A53C32400755820 /* HelloWorld */ = {
			isa = PBXGroup;
			children = (
				2CE576E01A53C32400755820 /* AppDelegate.swift */,
				2CE576E21A53C32400755820 /* ViewController.swift */,
				2CE576E41A53C32400755820 /* Main.storyboard */,
				2CE576E71A53C32400755820 /* Images.xcassets */,
				2CE576E91A53C32400755820 /* LaunchScreen.xib */,
				2CE576DE1A53C32400755820 /* Supporting Files */,
				2CE577041A53E33500755820 /* ActOnControlEvents.swift */,
				2CD7153E1A53E66E004C783E /* PresentViewController.swift */,
			);
			path = HelloWorld;
			sourceTree = "<group>";
		};
		2CE576DE1A53C32400755820 /* Supporting Files */ = {
			isa = PBXGroup;
			children = (
				2CE576DF1A53C32400755820 /* Info.plist */,
			);
			name = "Supporting Files";
			sourceTree = "<group>";
		};
		2CE576F31A53C32400755820 /* HelloWorldTests */ = {
			isa = PBXGroup;
			children = (
				2CE576F61A53C32400755820 /* HelloWorldTests.swift */,
				2CE576F41A53C32400755820 /* Supporting Files */,
			);
			path = HelloWorldTests;
			sourceTree = "<group>";
		};
		2CE576F41A53C32400755820 /* Supporting Files */ = {
			isa = PBXGroup;
			children = (
				2CE576F51A53C32400755820 /* Info.plist */,
			);
			name = "Supporting Files";
			sourceTree = "<group>";
		};
/* End PBXGroup section */

/* Begin PBXNativeTarget section */
		2CE576DA1A53C32400755820 /* HelloWorld */ = {
			isa = PBXNativeTarget;
			buildConfigurationList = 2CE576FA1A53C32400755820 /* Build configuration list for PBXNativeTarget "HelloWorld" */;
			buildPhases = (
				2CE576D71A53C32400755820 /* Sources */,
				2CE576D81A53C32400755820 /* Frameworks */,
				2CE576D91A53C32400755820 /* Resources */,
			);
			buildRules = (
			);
			dependencies = (
			);
			name = HelloWorld;
			productName = HelloWorld;
			productReference = 2CE576DB1A53C32400755820 /* HelloWorld.app */;
			productType = "com.apple.product-type.application";
		};
		2CE576EF1A53C32400755820 /* HelloWorldTests */ = {
			isa = PBXNativeTarget;
			buildConfigurationList = 2CE576FD1A53C32400755820 /* Build configuration list for PBXNativeTarget "HelloWorldTests" */;
			buildPhases = (
				2CE576EC1A53C32400755820 /* Sources */,
				2CE576ED1A53C32400755820 /* Frameworks */,
				2CE576EE1A53C32400755820 /* Resources */,
			);
			buildRules = (
			);
			dependencies = (
				2CE576F21A53C32400755820 /* PBXTargetDependency */,
			);
			name = HelloWorldTests;
			productName = HelloWorldTests;
			productReference = 2CE576F01A53C32400755820 /* HelloWorldTests.xctest */;
			productType = "com.apple.product-type.bundle.unit-test";
		};
/* End PBXNativeTarget section */

/* Begin PBXProject section */
		2CE576D31A53C32400755820 /* Project object */ = {
			isa = PBXProject;
			attributes = {
				LastSwiftUpdateCheck = 0700;
				LastUpgradeCheck = 0700;
				ORGANIZATIONNAME = CocoaFlow;
				TargetAttributes = {
					2CE576DA1A53C32400755820 = {
						CreatedOnToolsVersion = 6.1.1;
					};
					2CE576EF1A53C32400755820 = {
						CreatedOnToolsVersion = 6.1.1;
						TestTargetID = 2CE576DA1A53C32400755820;
					};
				};
			};
			buildConfigurationList = 2CE576D61A53C32400755820 /* Build configuration list for PBXProject "HelloWorld" */;
			compatibilityVersion = "Xcode 3.2";
			developmentRegion = English;
			hasScannedForEncodings = 0;
			knownRegions = (
				en,
				Base,
			);
			mainGroup = 2CE576D21A53C32400755820;
			productRefGroup = 2CE576DC1A53C32400755820 /* Products */;
			projectDirPath = "";
			projectRoot = "";
			targets = (
				2CE576DA1A53C32400755820 /* HelloWorld */,
				2CE576EF1A53C32400755820 /* HelloWorldTests */,
			);
		};
/* End PBXProject section */

/* Begin PBXResourcesBuildPhase section */
		2CE576D91A53C32400755820 /* Resources */ = {
			isa = PBXResourcesBuildPhase;
			buildActionMask = 2147483647;
			files = (
				2CE576E61A53C32400755820 /* Main.storyboard in Resources */,
				2CE576EB1A53C32400755820 /* LaunchScreen.xib in Resources */,
				2CE576E81A53C32400755820 /* Images.xcassets in Resources */,
			);
			runOnlyForDeploymentPostprocessing = 0;
		};
		2CE576EE1A53C32400755820 /* Resources */ = {
			isa = PBXResourcesBuildPhase;
			buildActionMask = 2147483647;
			files = (
			);
			runOnlyForDeploymentPostprocessing = 0;
		};
/* End PBXResourcesBuildPhase section */

/* Begin PBXSourcesBuildPhase section */
		2CE576D71A53C32400755820 /* Sources */ = {
			isa = PBXSourcesBuildPhase;
			buildActionMask = 2147483647;
			files = (
				2CE577051A53E33500755820 /* ActOnControlEvents.swift in Sources */,
				2CE576E31A53C32400755820 /* ViewController.swift in Sources */,
				2CD7153F1A53E66E004C783E /* PresentViewController.swift in Sources */,
				2CE576E11A53C32400755820 /* AppDelegate.swift in Sources */,
			);
			runOnlyForDeploymentPostprocessing = 0;
		};
		2CE576EC1A53C32400755820 /* Sources */ = {
			isa = PBXSourcesBuildPhase;
			buildActionMask = 2147483647;
			files = (
				2CE576F71A53C32400755820 /* HelloWorldTests.swift in Sources */,
			);
			runOnlyForDeploymentPostprocessing = 0;
		};
/* End PBXSourcesBuildPhase section */

/* Begin PBXTargetDependency section */
		2CE576F21A53C32400755820 /* PBXTargetDependency */ = {
			isa = PBXTargetDependency;
			target = 2CE576DA1A53C32400755820 /* HelloWorld */;
			targetProxy = 2CE576F11A53C32400755820 /* PBXContainerItemProxy */;
		};
/* End PBXTargetDependency section */

/* Begin PBXVariantGroup section */
		2CE576E41A53C32400755820 /* Main.storyboard */ = {
			isa = PBXVariantGroup;
			children = (
				2CE576E51A53C32400755820 /* Base */,
			);
			name = Main.storyboard;
			sourceTree = "<group>";
		};
		2CE576E91A53C32400755820 /* LaunchScreen.xib */ = {
			isa = PBXVariantGroup;
			children = (
				2CE576EA1A53C32400755820 /* Base */,
			);
			name = LaunchScreen.xib;
			sourceTree = "<group>";
		};
/* End PBXVariantGroup section */

/* Begin XCBuildConfiguration section */
		2CE576F81A53C32400755820 /* Debug */ = {
			isa = XCBuildConfiguration;
			buildSettings = {
				ALWAYS_SEARCH_USER_PATHS = NO;
				CLANG_CXX_LANGUAGE_STANDARD = "gnu++0x";
				CLANG_CXX_LIBRARY = "libc++";
				CLANG_ENABLE_MODULES = YES;
				CLANG_ENABLE_OBJC_ARC = YES;
				CLANG_WARN_BOOL_CONVERSION = YES;
				CLANG_WARN_CONSTANT_CONVERSION = YES;
				CLANG_WARN_DIRECT_OBJC_ISA_USAGE = YES_ERROR;
				CLANG_WARN_EMPTY_BODY = YES;
				CLANG_WARN_ENUM_CONVERSION = YES;
				CLANG_WARN_INT_CONVERSION = YES;
				CLANG_WARN_OBJC_ROOT_CLASS = YES_ERROR;
				CLANG_WARN_UNREACHABLE_CODE = YES;
				CLANG_WARN__DUPLICATE_METHOD_MATCH = YES;
				"CODE_SIGN_IDENTITY[sdk=iphoneos*]" = "iPhone Developer";
				COPY_PHASE_STRIP = NO;
				ENABLE_STRICT_OBJC_MSGSEND = YES;
				ENABLE_TESTABILITY = YES;
				GCC_C_LANGUAGE_STANDARD = gnu99;
				GCC_DYNAMIC_NO_PIC = NO;
				GCC_OPTIMIZATION_LEVEL = 0;
				GCC_PREPROCESSOR_DEFINITIONS = (
					"DEBUG=1",
					"$(inherited)",
				);
				GCC_SYMBOLS_PRIVATE_EXTERN = NO;
				GCC_WARN_64_TO_32_BIT_CONVERSION = YES;
				GCC_WARN_ABOUT_RETURN_TYPE = YES_ERROR;
				GCC_WARN_UNDECLARED_SELECTOR = YES;
				GCC_WARN_UNINITIALIZED_AUTOS = YES_AGGRESSIVE;
				GCC_WARN_UNUSED_FUNCTION = YES;
				GCC_WARN_UNUSED_VARIABLE = YES;
				IPHONEOS_DEPLOYMENT_TARGET = 8.1;
				MTL_ENABLE_DEBUG_INFO = YES;
				ONLY_ACTIVE_ARCH = YES;
				SDKROOT = iphoneos;
				SWIFT_OPTIMIZATION_LEVEL = "-Onone";
				TARGETED_DEVICE_FAMILY = "1,2";
			};
			name = Debug;
		};
		2CE576F91A53C32400755820 /* Release */ = {
			isa = XCBuildConfiguration;
			buildSettings = {
				ALWAYS_SEARCH_USER_PATHS = NO;
				CLANG_CXX_LANGUAGE_STANDARD = "gnu++0x";
				CLANG_CXX_LIBRARY = "libc++";
				CLANG_ENABLE_MODULES = YES;
				CLANG_ENABLE_OBJC_ARC = YES;
				CLANG_WARN_BOOL_CONVERSION = YES;
				CLANG_WARN_CONSTANT_CONVERSION = YES;
				CLANG_WARN_DIRECT_OBJC_ISA_USAGE = YES_ERROR;
				CLANG_WARN_EMPTY_BODY = YES;
				CLANG_WARN_ENUM_CONVERSION = YES;
				CLANG_WARN_INT_CONVERSION = YES;
				CLANG_WARN_OBJC_ROOT_CLASS = YES_ERROR;
				CLANG_WARN_UNREACHABLE_CODE = YES;
				CLANG_WARN__DUPLICATE_METHOD_MATCH = YES;
				"CODE_SIGN_IDENTITY[sdk=iphoneos*]" = "iPhone Developer";
				COPY_PHASE_STRIP = YES;
				ENABLE_NS_ASSERTIONS = NO;
				ENABLE_STRICT_OBJC_MSGSEND = YES;
				GCC_C_LANGUAGE_STANDARD = gnu99;
				GCC_WARN_64_TO_32_BIT_CONVERSION = YES;
				GCC_WARN_ABOUT_RETURN_TYPE = YES_ERROR;
				GCC_WARN_UNDECLARED_SELECTOR = YES;
				GCC_WARN_UNINITIALIZED_AUTOS = YES_AGGRESSIVE;
				GCC_WARN_UNUSED_FUNCTION = YES;
				GCC_WARN_UNUSED_VARIABLE = YES;
				IPHONEOS_DEPLOYMENT_TARGET = 8.1;
				MTL_ENABLE_DEBUG_INFO = NO;
				SDKROOT = iphoneos;
				TARGETED_DEVICE_FAMILY = "1,2";
				VALIDATE_PRODUCT = YES;
			};
			name = Release;
		};
		2CE576FB1A53C32400755820 /* Debug */ = {
			isa = XCBuildConfiguration;
			buildSettings = {
				ASSETCATALOG_COMPILER_APPICON_NAME = AppIcon;
				INFOPLIST_FILE = HelloWorld/Info.plist;
				LD_RUNPATH_SEARCH_PATHS = "$(inherited) @executable_path/Frameworks";
				PRODUCT_BUNDLE_IDENTIFIER = "org.cocoaflow.$(PRODUCT_NAME:rfc1034identifier)";
				PRODUCT_NAME = "$(TARGET_NAME)";
			};
			name = Debug;
		};
		2CE576FC1A53C32400755820 /* Release */ = {
			isa = XCBuildConfiguration;
			buildSettings = {
				ASSETCATALOG_COMPILER_APPICON_NAME = AppIcon;
				INFOPLIST_FILE = HelloWorld/Info.plist;
				LD_RUNPATH_SEARCH_PATHS = "$(inherited) @executable_path/Frameworks";
				PRODUCT_BUNDLE_IDENTIFIER = "org.cocoaflow.$(PRODUCT_NAME:rfc1034identifier)";
				PRODUCT_NAME = "$(TARGET_NAME)";
			};
			name = Release;
		};
		2CE576FE1A53C32400755820 /* Debug */ = {
			isa = XCBuildConfiguration;
			buildSettings = {
				BUNDLE_LOADER = "$(TEST_HOST)";
				FRAMEWORK_SEARCH_PATHS = (
					"$(SDKROOT)/Developer/Library/Frameworks",
					"$(inherited)",
				);
				GCC_PREPROCESSOR_DEFINITIONS = (
					"DEBUG=1",
					"$(inherited)",
				);
				INFOPLIST_FILE = HelloWorldTests/Info.plist;
				LD_RUNPATH_SEARCH_PATHS = "$(inherited) @executable_path/Frameworks @loader_path/Frameworks";
				PRODUCT_BUNDLE_IDENTIFIER = "org.cocoaflow.$(PRODUCT_NAME:rfc1034identifier)";
				PRODUCT_NAME = "$(TARGET_NAME)";
				TEST_HOST = "$(BUILT_PRODUCTS_DIR)/HelloWorld.app/HelloWorld";
			};
			name = Debug;
		};
		2CE576FF1A53C32400755820 /* Release */ = {
			isa = XCBuildConfiguration;
			buildSettings = {
				BUNDLE_LOADER = "$(TEST_HOST)";
				FRAMEWORK_SEARCH_PATHS = (
					"$(SDKROOT)/Developer/Library/Frameworks",
					"$(inherited)",
				);
				INFOPLIST_FILE = HelloWorldTests/Info.plist;
				LD_RUNPATH_SEARCH_PATHS = "$(inherited) @executable_path/Frameworks @loader_path/Frameworks";
				PRODUCT_BUNDLE_IDENTIFIER = "org.cocoaflow.$(PRODUCT_NAME:rfc1034identifier)";
				PRODUCT_NAME = "$(TARGET_NAME)";
				TEST_HOST = "$(BUILT_PRODUCTS_DIR)/HelloWorld.app/HelloWorld";
			};
			name = Release;
		};
/* End XCBuildConfiguration section */

/* Begin XCConfigurationList section */
		2CE576D61A53C32400755820 /* Build configuration list for PBXProject "HelloWorld" */ = {
			isa = XCConfigurationList;
			buildConfigurations = (
				2CE576F81A53C32400755820 /* Debug */,
				2CE576F91A53C32400755820 /* Release */,
			);
			defaultConfigurationIsVisible = 0;
			defaultConfigurationName = Release;
		};
		2CE576FA1A53C32400755820 /* Build configuration list for PBXNativeTarget "HelloWorld" */ = {
			isa = XCConfigurationList;
			buildConfigurations = (
				2CE576FB1A53C32400755820 /* Debug */,
				2CE576FC1A53C32400755820 /* Release */,
			);
			defaultConfigurationIsVisible = 0;
			defaultConfigurationName = Release;
		};
		2CE576FD1A53C32400755820 /* Build configuration list for PBXNativeTarget "HelloWorldTests" */ = {
			isa = XCConfigurationList;
			buildConfigurations = (
				2CE576FE1A53C32400755820 /* Debug */,
				2CE576FF1A53C32400755820 /* Release */,
			);
			defaultConfigurationIsVisible = 0;
			defaultConfigurationName = Release;
		};
/* End XCConfigurationList section */
	};
	rootObject = 2CE576D31A53C32400755820 /* Project object */;
}
